// !$*UTF8*$!
{
	archiveVersion = 1;
	classes = {
	};
	objectVersion = 46;
	objects = {

/* Begin PBXBuildFile section */
		5B126E441BCC23D500BAD547 /* AppDelegate.swift in Sources */ = {isa = PBXBuildFile; fileRef = 5B126E431BCC23D500BAD547 /* AppDelegate.swift */; };
		5B126E491BCC23D500BAD547 /* Main.storyboard in Resources */ = {isa = PBXBuildFile; fileRef = 5B126E471BCC23D500BAD547 /* Main.storyboard */; };
		5B126E4B1BCC23D500BAD547 /* Assets.xcassets in Resources */ = {isa = PBXBuildFile; fileRef = 5B126E4A1BCC23D500BAD547 /* Assets.xcassets */; };
		5B126E4E1BCC23D500BAD547 /* LaunchScreen.storyboard in Resources */ = {isa = PBXBuildFile; fileRef = 5B126E4C1BCC23D500BAD547 /* LaunchScreen.storyboard */; };
		5B78DE741BDBFDB600154D82 /* HomeTableViewController.swift in Sources */ = {isa = PBXBuildFile; fileRef = 5B78DE731BDBFDB600154D82 /* HomeTableViewController.swift */; settings = {ASSET_TAGS = (); }; };
		5B78DE761BDBFE5E00154D82 /* AddViewController.swift in Sources */ = {isa = PBXBuildFile; fileRef = 5B78DE751BDBFE5E00154D82 /* AddViewController.swift */; settings = {ASSET_TAGS = (); }; };
		5B78DE781BDBFE6E00154D82 /* EditViewController.swift in Sources */ = {isa = PBXBuildFile; fileRef = 5B78DE771BDBFE6E00154D82 /* EditViewController.swift */; settings = {ASSET_TAGS = (); }; };
		5B78DE7A1BDCA89700154D82 /* ChangesViewController.swift in Sources */ = {isa = PBXBuildFile; fileRef = 5B78DE791BDCA89700154D82 /* ChangesViewController.swift */; settings = {ASSET_TAGS = (); }; };
/* End PBXBuildFile section */

/* Begin PBXFileReference section */
		5B126E401BCC23D500BAD547 /* CalendarApp.app */ = {isa = PBXFileReference; explicitFileType = wrapper.application; includeInIndex = 0; path = CalendarApp.app; sourceTree = BUILT_PRODUCTS_DIR; };
		5B126E431BCC23D500BAD547 /* AppDelegate.swift */ = {isa = PBXFileReference; lastKnownFileType = sourcecode.swift; path = AppDelegate.swift; sourceTree = "<group>"; };
		5B126E481BCC23D500BAD547 /* Base */ = {isa = PBXFileReference; lastKnownFileType = file.storyboard; name = Base; path = Base.lproj/Main.storyboard; sourceTree = "<group>"; };
		5B126E4A1BCC23D500BAD547 /* Assets.xcassets */ = {isa = PBXFileReference; lastKnownFileType = folder.assetcatalog; path = Assets.xcassets; sourceTree = "<group>"; };
		5B126E4D1BCC23D500BAD547 /* Base */ = {isa = PBXFileReference; lastKnownFileType = file.storyboard; name = Base; path = Base.lproj/LaunchScreen.storyboard; sourceTree = "<group>"; };
		5B126E4F1BCC23D500BAD547 /* Info.plist */ = {isa = PBXFileReference; lastKnownFileType = text.plist.xml; path = Info.plist; sourceTree = "<group>"; };
		5B78DE731BDBFDB600154D82 /* HomeTableViewController.swift */ = {isa = PBXFileReference; fileEncoding = 4; lastKnownFileType = sourcecode.swift; path = HomeTableViewController.swift; sourceTree = "<group>"; };
		5B78DE751BDBFE5E00154D82 /* AddViewController.swift */ = {isa = PBXFileReference; fileEncoding = 4; lastKnownFileType = sourcecode.swift; path = AddViewController.swift; sourceTree = "<group>"; };
		5B78DE771BDBFE6E00154D82 /* EditViewController.swift */ = {isa = PBXFileReference; fileEncoding = 4; lastKnownFileType = sourcecode.swift; path = EditViewController.swift; sourceTree = "<group>"; };
		5B78DE791BDCA89700154D82 /* ChangesViewController.swift */ = {isa = PBXFileReference; fileEncoding = 4; lastKnownFileType = sourcecode.swift; path = ChangesViewController.swift; sourceTree = "<group>"; };
/* End PBXFileReference section */

/* Begin PBXFrameworksBuildPhase section */
		5B126E3D1BCC23D400BAD547 /* Frameworks */ = {
			isa = PBXFrameworksBuildPhase;
			buildActionMask = 2147483647;
			files = (
			);
			runOnlyForDeploymentPostprocessing = 0;
		};
/* End PBXFrameworksBuildPhase section */

/* Begin PBXGroup section */
		5B126E371BCC23D400BAD547 = {
			isa = PBXGroup;
			children = (
				5B126E421BCC23D500BAD547 /* CalendarApp */,
				5B126E411BCC23D500BAD547 /* Products */,
			);
			sourceTree = "<group>";
		};
		5B126E411BCC23D500BAD547 /* Products */ = {
			isa = PBXGroup;
			children = (
				5B126E401BCC23D500BAD547 /* CalendarApp.app */,
			);
			name = Products;
			sourceTree = "<group>";
		};
		5B126E421BCC23D500BAD547 /* CalendarApp */ = {
			isa = PBXGroup;
			children = (
				5B126E431BCC23D500BAD547 /* AppDelegate.swift */,
				5B126E471BCC23D500BAD547 /* Main.storyboard */,
				5B126E4A1BCC23D500BAD547 /* Assets.xcassets */,
				5B126E4C1BCC23D500BAD547 /* LaunchScreen.storyboard */,
				5B126E4F1BCC23D500BAD547 /* Info.plist */,
				5B78DE731BDBFDB600154D82 /* HomeTableViewController.swift */,
				5B78DE751BDBFE5E00154D82 /* AddViewController.swift */,
				5B78DE771BDBFE6E00154D82 /* EditViewController.swift */,
				5B78DE791BDCA89700154D82 /* ChangesViewController.swift */,
			);
			path = CalendarApp;
			sourceTree = "<group>";
		};
/* End PBXGroup section */

/* Begin PBXNativeTarget section */
		5B126E3F1BCC23D400BAD547 /* CalendarApp */ = {
			isa = PBXNativeTarget;
			buildConfigurationList = 5B126E521BCC23D500BAD547 /* Build configuration list for PBXNativeTarget "CalendarApp" */;
			buildPhases = (
				5B126E3C1BCC23D400BAD547 /* Sources */,
				5B126E3D1BCC23D400BAD547 /* Frameworks */,
				5B126E3E1BCC23D400BAD547 /* Resources */,
			);
			buildRules = (
			);
			dependencies = (
			);
			name = CalendarApp;
			productName = CalendarApp;
			productReference = 5B126E401BCC23D500BAD547 /* CalendarApp.app */;
			productType = "com.apple.product-type.application";
		};
/* End PBXNativeTarget section */

/* Begin PBXProject section */
		5B126E381BCC23D400BAD547 /* Project object */ = {
			isa = PBXProject;
			attributes = {
				LastUpgradeCheck = 0700;
				ORGANIZATIONNAME = "Carly Hildebrandt";
				TargetAttributes = {
					5B126E3F1BCC23D400BAD547 = {
						CreatedOnToolsVersion = 7.0.1;
					};
				};
			};
			buildConfigurationList = 5B126E3B1BCC23D400BAD547 /* Build configuration list for PBXProject "CalendarApp" */;
			compatibilityVersion = "Xcode 3.2";
			developmentRegion = English;
			hasScannedForEncodings = 0;
			knownRegions = (
				en,
				Base,
			);
			mainGroup = 5B126E371BCC23D400BAD547;
			productRefGroup = 5B126E411BCC23D500BAD547 /* Products */;
			projectDirPath = "";
			projectRoot = "";
			targets = (
				5B126E3F1BCC23D400BAD547 /* CalendarApp */,
			);
		};
/* End PBXProject section */

/* Begin PBXResourcesBuildPhase section */
		5B126E3E1BCC23D400BAD547 /* Resources */ = {
			isa = PBXResourcesBuildPhase;
			buildActionMask = 2147483647;
			files = (
				5B126E4E1BCC23D500BAD547 /* LaunchScreen.storyboard in Resources */,
				5B126E4B1BCC23D500BAD547 /* Assets.xcassets in Resources */,
				5B126E491BCC23D500BAD547 /* Main.storyboard in Resources */,
			);
			runOnlyForDeploymentPostprocessing = 0;
		};
/* End PBXResourcesBuildPhase section */

/* Begin PBXSourcesBuildPhase section */
		5B126E3C1BCC23D400BAD547 /* Sources */ = {
			isa = PBXSourcesBuildPhase;
			buildActionMask = 2147483647;
			files = (
				5B78DE781BDBFE6E00154D82 /* EditViewController.swift in Sources */,
				5B78DE741BDBFDB600154D82 /* HomeTableViewController.swift in Sources */,
				5B78DE761BDBFE5E00154D82 /* AddViewController.swift in Sources */,
				5B126E441BCC23D500BAD547 /* AppDelegate.swift in Sources */,
				5B78DE7A1BDCA89700154D82 /* ChangesViewController.swift in Sources */,
			);
			runOnlyForDeploymentPostprocessing = 0;
		};
/* End PBXSourcesBuildPhase section */

/* Begin PBXVariantGroup section */
		5B126E471BCC23D500BAD547 /* Main.storyboard */ = {
			isa = PBXVariantGroup;
			children = (
				5B126E481BCC23D500BAD547 /* Base */,
			);
			name = Main.storyboard;
			sourceTree = "<group>";
		};
		5B126E4C1BCC23D500BAD547 /* LaunchScreen.storyboard */ = {
			isa = PBXVariantGroup;
			children = (
				5B126E4D1BCC23D500BAD547 /* Base */,
			);
			name = LaunchScreen.storyboard;
			sourceTree = "<group>";
		};
/* End PBXVariantGroup section */

/* Begin XCBuildConfiguration section */
		5B126E501BCC23D500BAD547 /* Debug */ = {
			isa = XCBuildConfiguration;
			buildSettings = {
				ALWAYS_SEARCH_USER_PATHS = NO;
				CLANG_CXX_LANGUAGE_STANDARD = "gnu++0x";
				CLANG_CXX_LIBRARY = "libc++";
				CLANG_ENABLE_MODULES = YES;
				CLANG_ENABLE_OBJC_ARC = YES;
				CLANG_WARN_BOOL_CONVERSION = YES;
				CLANG_WARN_CONSTANT_CONVERSION = YES;
				CLANG_WARN_DIRECT_OBJC_ISA_USAGE = YES_ERROR;
				CLANG_WARN_EMPTY_BODY = YES;
				CLANG_WARN_ENUM_CONVERSION = YES;
				CLANG_WARN_INT_CONVERSION = YES;
				CLANG_WARN_OBJC_ROOT_CLASS = YES_ERROR;
				CLANG_WARN_UNREACHABLE_CODE = YES;
				CLANG_WARN__DUPLICATE_METHOD_MATCH = YES;
				"CODE_SIGN_IDENTITY[sdk=iphoneos*]" = "iPhone Developer";
				COPY_PHASE_STRIP = NO;
				DEBUG_INFORMATION_FORMAT = dwarf;
				ENABLE_STRICT_OBJC_MSGSEND = YES;
				ENABLE_TESTABILITY = YES;
				GCC_C_LANGUAGE_STANDARD = gnu99;
				GCC_DYNAMIC_NO_PIC = NO;
				GCC_NO_COMMON_BLOCKS = YES;
				GCC_OPTIMIZATION_LEVEL = 0;
				GCC_PREPROCESSOR_DEFINITIONS = (
					"DEBUG=1",
					"$(inherited)",
				);
				GCC_WARN_64_TO_32_BIT_CONVERSION = YES;
				GCC_WARN_ABOUT_RETURN_TYPE = YES_ERROR;
				GCC_WARN_UNDECLARED_SELECTOR = YES;
				GCC_WARN_UNINITIALIZED_AUTOS = YES_AGGRESSIVE;
				GCC_WARN_UNUSED_FUNCTION = YES;
				GCC_WARN_UNUSED_VARIABLE = YES;
				IPHONEOS_DEPLOYMENT_TARGET = 9.0;
				MTL_ENABLE_DEBUG_INFO = YES;
				ONLY_ACTIVE_ARCH = YES;
				SDKROOT = iphoneos;
				SWIFT_OPTIMIZATION_LEVEL = "-Onone";
			};
			name = Debug;
		};
		5B126E511BCC23D500BAD547 /* Release */ = {
			isa = XCBuildConfiguration;
			buildSettings = {
				ALWAYS_SEARCH_USER_PATHS = NO;
				CLANG_CXX_LANGUAGE_STANDARD = "gnu++0x";
				CLANG_CXX_LIBRARY = "libc++";
				CLANG_ENABLE_MODULES = YES;
				CLANG_ENABLE_OBJC_ARC = YES;
				CLANG_WARN_BOOL_CONVERSION = YES;
				CLANG_WARN_CONSTANT_CONVERSION = YES;
				CLANG_WARN_DIRECT_OBJC_ISA_USAGE = YES_ERROR;
				CLANG_WARN_EMPTY_BODY = YES;
				CLANG_WARN_ENUM_CONVERSION = YES;
				CLANG_WARN_INT_CONVERSION = YES;
				CLANG_WARN_OBJC_ROOT_CLASS = YES_ERROR;
				CLANG_WARN_UNREACHABLE_CODE = YES;
				CLANG_WARN__DUPLICATE_METHOD_MATCH = YES;
				"CODE_SIGN_IDENTITY[sdk=iphoneos*]" = "iPhone Developer";
				COPY_PHASE_STRIP = NO;
				DEBUG_INFORMATION_FORMAT = "dwarf-with-dsym";
				ENABLE_NS_ASSERTIONS = NO;
				ENABLE_STRICT_OBJC_MSGSEND = YES;
				GCC_C_LANGUAGE_STANDARD = gnu99;
				GCC_NO_COMMON_BLOCKS = YES;
				GCC_WARN_64_TO_32_BIT_CONVERSION = YES;
				GCC_WARN_ABOUT_RETURN_TYPE = YES_ERROR;
				GCC_WARN_UNDECLARED_SELECTOR = YES;
				GCC_WARN_UNINITIALIZED_AUTOS = YES_AGGRESSIVE;
				GCC_WARN_UNUSED_FUNCTION = YES;
				GCC_WARN_UNUSED_VARIABLE = YES;
				IPHONEOS_DEPLOYMENT_TARGET = 9.0;
				MTL_ENABLE_DEBUG_INFO = NO;
				SDKROOT = iphoneos;
				VALIDATE_PRODUCT = YES;
			};
			name = Release;
		};
		5B126E531BCC23D500BAD547 /* Debug */ = {
			isa = XCBuildConfiguration;
			buildSettings = {
				ASSETCATALOG_COMPILER_APPICON_NAME = AppIcon;
				INFOPLIST_FILE = CalendarApp/Info.plist;
				LD_RUNPATH_SEARCH_PATHS = "$(inherited) @executable_path/Frameworks";
				PRODUCT_BUNDLE_IDENTIFIER = com.hildebrandt.CalendarApp;
				PRODUCT_NAME = "$(TARGET_NAME)";
			};
			name = Debug;
		};
		5B126E541BCC23D500BAD547 /* Release */ = {
			isa = XCBuildConfiguration;
			buildSettings = {
				ASSETCATALOG_COMPILER_APPICON_NAME = AppIcon;
				INFOPLIST_FILE = CalendarApp/Info.plist;
				LD_RUNPATH_SEARCH_PATHS = "$(inherited) @executable_path/Frameworks";
				PRODUCT_BUNDLE_IDENTIFIER = com.hildebrandt.CalendarApp;
				PRODUCT_NAME = "$(TARGET_NAME)";
			};
			name = Release;
		};
/* End XCBuildConfiguration section */

/* Begin XCConfigurationList section */
		5B126E3B1BCC23D400BAD547 /* Build configuration list for PBXProject "CalendarApp" */ = {
			isa = XCConfigurationList;
			buildConfigurations = (
				5B126E501BCC23D500BAD547 /* Debug */,
				5B126E511BCC23D500BAD547 /* Release */,
			);
			defaultConfigurationIsVisible = 0;
			defaultConfigurationName = Release;
		};
		5B126E521BCC23D500BAD547 /* Build configuration list for PBXNativeTarget "CalendarApp" */ = {
			isa = XCConfigurationList;
			buildConfigurations = (
				5B126E531BCC23D500BAD547 /* Debug */,
				5B126E541BCC23D500BAD547 /* Release */,
			);
			defaultConfigurationIsVisible = 0;
			defaultConfigurationName = Release;
		};
/* End XCConfigurationList section */
	};
	rootObject = 5B126E381BCC23D400BAD547 /* Project object */;
}
